{
  "lockfileVersion": 2,
  "configVersion": 1,
  "workspaces": {
    "": {
      "dependencies": {
        "react-is": "^19.3.0",
      },
    },
  },
  "packages": {
    "react-is": ["react-is@19.3.0", "", {}, "sha512-UpMYezM4v5/18F28aC66AEsjXIgE02kyEMH6yLdgLXu/UTfa1Ntwck/nNLrbqJsEXW7gPb0coNO9FQse9WTovA=="],
  }
}
